
Microsoft Visual Studio Solution File, Format Version 12.00
# Visual Studio Version 16
VisualStudioVersion = 16.0.29509.3
MinimumVisualStudioVersion = 10.0.40219.1
Project("{FAE04EC0-301F-11D3-BF4B-00C04F79EFBC}") = "Static", "Static.csproj", "{FA8C9A3D-F50E-45F5-808C-D27DA07AB1CF}"
EndProject
Global
	GlobalSection(SolutionConfigurationPlatforms) = preSolution
		Debug|Any CPU = Debug|Any CPU
		Release|Any CPU = Release|Any CPU
	EndGlobalSection
	GlobalSection(ProjectConfigurationPlatforms) = postSolution
		{FA8C9A3D-F50E-45F5-808C-D27DA07AB1CF}.Debug|Any CPU.ActiveCfg = Debug|Any CPU
		{FA8C9A3D-F50E-45F5-808C-D27DA07AB1CF}.Debug|Any CPU.Build.0 = Debug|Any CPU
		{FA8C9A3D-F50E-45F5-808C-D27DA07AB1CF}.Release|Any CPU.ActiveCfg = Release|Any CPU
		{FA8C9A3D-F50E-45F5-808C-D27DA07AB1CF}.Release|Any CPU.Build.0 = Release|Any CPU
	EndGlobalSection
	GlobalSection(SolutionProperties) = preSolution
		HideSolutionNode = FALSE
	EndGlobalSection
	GlobalSection(ExtensibilityGlobals) = postSolution
		SolutionGuid = {9475811D-A1D5-447D-B5F7-526BFE391744}
	EndGlobalSection
EndGlobal
