
Microsoft Visual Studio Solution File, Format Version 12.00
# Visual Studio Version 16
VisualStudioVersion = 16.0.29519.87
MinimumVisualStudioVersion = 10.0.40219.1
Project("{FAE04EC0-301F-11D3-BF4B-00C04F79EFBC}") = "ConsoleApp35", "ConsoleApp35.csproj", "{203B869B-CF40-48D6-B928-6F6AF9BCCD2D}"
EndProject
Global
	GlobalSection(SolutionConfigurationPlatforms) = preSolution
		Debug|Any CPU = Debug|Any CPU
		Release|Any CPU = Release|Any CPU
	EndGlobalSection
	GlobalSection(ProjectConfigurationPlatforms) = postSolution
		{203B869B-CF40-48D6-B928-6F6AF9BCCD2D}.Debug|Any CPU.ActiveCfg = Debug|Any CPU
		{203B869B-CF40-48D6-B928-6F6AF9BCCD2D}.Debug|Any CPU.Build.0 = Debug|Any CPU
		{203B869B-CF40-48D6-B928-6F6AF9BCCD2D}.Release|Any CPU.ActiveCfg = Release|Any CPU
		{203B869B-CF40-48D6-B928-6F6AF9BCCD2D}.Release|Any CPU.Build.0 = Release|Any CPU
	EndGlobalSection
	GlobalSection(SolutionProperties) = preSolution
		HideSolutionNode = FALSE
	EndGlobalSection
	GlobalSection(ExtensibilityGlobals) = postSolution
		SolutionGuid = {13C71214-5537-4C60-914B-6A66E9048F56}
	EndGlobalSection
EndGlobal
