
Microsoft Visual Studio Solution File, Format Version 12.00
# Visual Studio Version 16
VisualStudioVersion = 16.0.29609.76
MinimumVisualStudioVersion = 10.0.40219.1
Project("{FAE04EC0-301F-11D3-BF4B-00C04F79EFBC}") = "ConsoleApp9", "ConsoleApp9.csproj", "{DBEC1C3B-DE13-4476-AE16-CEAA441BDA3E}"
EndProject
Project("{2150E333-8FDC-42A3-9474-1A3956D46DE8}") = "Solution Items", "Solution Items", "{9BD52D7A-83F0-4212-9A41-4122EA8ABE7B}"
	ProjectSection(SolutionItems) = preProject
		C:\temp\xmlfile.xml = C:\temp\xmlfile.xml
	EndProjectSection
EndProject
Global
	GlobalSection(SolutionConfigurationPlatforms) = preSolution
		Debug|Any CPU = Debug|Any CPU
		Release|Any CPU = Release|Any CPU
	EndGlobalSection
	GlobalSection(ProjectConfigurationPlatforms) = postSolution
		{DBEC1C3B-DE13-4476-AE16-CEAA441BDA3E}.Debug|Any CPU.ActiveCfg = Debug|Any CPU
		{DBEC1C3B-DE13-4476-AE16-CEAA441BDA3E}.Debug|Any CPU.Build.0 = Debug|Any CPU
		{DBEC1C3B-DE13-4476-AE16-CEAA441BDA3E}.Release|Any CPU.ActiveCfg = Release|Any CPU
		{DBEC1C3B-DE13-4476-AE16-CEAA441BDA3E}.Release|Any CPU.Build.0 = Release|Any CPU
	EndGlobalSection
	GlobalSection(SolutionProperties) = preSolution
		HideSolutionNode = FALSE
	EndGlobalSection
	GlobalSection(ExtensibilityGlobals) = postSolution
		SolutionGuid = {FAA0C1F1-CF4D-4B18-A696-0E907BC031AE}
	EndGlobalSection
EndGlobal
