
Microsoft Visual Studio Solution File, Format Version 12.00
# Visual Studio Version 16
VisualStudioVersion = 16.0.29728.190
MinimumVisualStudioVersion = 10.0.40219.1
Project("{FAE04EC0-301F-11D3-BF4B-00C04F79EFBC}") = "ConsoleApp10", "ConsoleApp10.csproj", "{A0D9D51C-AA57-43E0-85F4-1CAAA63F8993}"
EndProject
Global
	GlobalSection(SolutionConfigurationPlatforms) = preSolution
		Debug|Any CPU = Debug|Any CPU
		Release|Any CPU = Release|Any CPU
	EndGlobalSection
	GlobalSection(ProjectConfigurationPlatforms) = postSolution
		{A0D9D51C-AA57-43E0-85F4-1CAAA63F8993}.Debug|Any CPU.ActiveCfg = Debug|Any CPU
		{A0D9D51C-AA57-43E0-85F4-1CAAA63F8993}.Debug|Any CPU.Build.0 = Debug|Any CPU
		{A0D9D51C-AA57-43E0-85F4-1CAAA63F8993}.Release|Any CPU.ActiveCfg = Release|Any CPU
		{A0D9D51C-AA57-43E0-85F4-1CAAA63F8993}.Release|Any CPU.Build.0 = Release|Any CPU
	EndGlobalSection
	GlobalSection(SolutionProperties) = preSolution
		HideSolutionNode = FALSE
	EndGlobalSection
	GlobalSection(ExtensibilityGlobals) = postSolution
		SolutionGuid = {AF7DDEF5-A1CC-4B71-89F8-BAE4DDF9519A}
	EndGlobalSection
EndGlobal
