
Microsoft Visual Studio Solution File, Format Version 12.00
# Visual Studio Version 16
VisualStudioVersion = 16.0.29728.190
MinimumVisualStudioVersion = 10.0.40219.1
Project("{FAE04EC0-301F-11D3-BF4B-00C04F79EFBC}") = "Indexer, Generic Type T", "Indexer, Generic Type T.csproj", "{52A686D3-FDD3-4596-B0C5-74188B005D5A}"
EndProject
Global
	GlobalSection(SolutionConfigurationPlatforms) = preSolution
		Debug|Any CPU = Debug|Any CPU
		Release|Any CPU = Release|Any CPU
	EndGlobalSection
	GlobalSection(ProjectConfigurationPlatforms) = postSolution
		{52A686D3-FDD3-4596-B0C5-74188B005D5A}.Debug|Any CPU.ActiveCfg = Debug|Any CPU
		{52A686D3-FDD3-4596-B0C5-74188B005D5A}.Debug|Any CPU.Build.0 = Debug|Any CPU
		{52A686D3-FDD3-4596-B0C5-74188B005D5A}.Release|Any CPU.ActiveCfg = Release|Any CPU
		{52A686D3-FDD3-4596-B0C5-74188B005D5A}.Release|Any CPU.Build.0 = Release|Any CPU
	EndGlobalSection
	GlobalSection(SolutionProperties) = preSolution
		HideSolutionNode = FALSE
	EndGlobalSection
	GlobalSection(ExtensibilityGlobals) = postSolution
		SolutionGuid = {7B2DD071-FBD1-47A0-8042-D87D4B7A74C4}
	EndGlobalSection
EndGlobal
