
Microsoft Visual Studio Solution File, Format Version 12.00
# Visual Studio Version 16
VisualStudioVersion = 16.0.29509.3
MinimumVisualStudioVersion = 10.0.40219.1
Project("{FAE04EC0-301F-11D3-BF4B-00C04F79EFBC}") = "Virtual", "Virtual.csproj", "{6F2412EA-A281-4AE1-8DD6-02555E6AD845}"
EndProject
Global
	GlobalSection(SolutionConfigurationPlatforms) = preSolution
		Debug|Any CPU = Debug|Any CPU
		Release|Any CPU = Release|Any CPU
	EndGlobalSection
	GlobalSection(ProjectConfigurationPlatforms) = postSolution
		{6F2412EA-A281-4AE1-8DD6-02555E6AD845}.Debug|Any CPU.ActiveCfg = Debug|Any CPU
		{6F2412EA-A281-4AE1-8DD6-02555E6AD845}.Debug|Any CPU.Build.0 = Debug|Any CPU
		{6F2412EA-A281-4AE1-8DD6-02555E6AD845}.Release|Any CPU.ActiveCfg = Release|Any CPU
		{6F2412EA-A281-4AE1-8DD6-02555E6AD845}.Release|Any CPU.Build.0 = Release|Any CPU
	EndGlobalSection
	GlobalSection(SolutionProperties) = preSolution
		HideSolutionNode = FALSE
	EndGlobalSection
	GlobalSection(ExtensibilityGlobals) = postSolution
		SolutionGuid = {F3DBBAC1-7800-4A70-A975-B445C218A085}
	EndGlobalSection
EndGlobal
